
Microsoft Visual Studio Solution File, Format Version 12.00
# Visual Studio Version 17
VisualStudioVersion = 17.5.002.0
MinimumVisualStudioVersion = 10.0.40219.1
Project("{9A19103F-16F7-4668-BE54-9A1E7A4F7556}") = "RentCars_Back", "RentCars_Back.csproj", "{748C94A8-0085-4E17-955D-5AC5DFBCA46A}"
EndProject
Global
	GlobalSection(SolutionConfigurationPlatforms) = preSolution
		Debug|Any CPU = Debug|Any CPU
		Release|Any CPU = Release|Any CPU
	EndGlobalSection
	GlobalSection(ProjectConfigurationPlatforms) = postSolution
		{748C94A8-0085-4E17-955D-5AC5DFBCA46A}.Debug|Any CPU.ActiveCfg = Debug|Any CPU
		{748C94A8-0085-4E17-955D-5AC5DFBCA46A}.Debug|Any CPU.Build.0 = Debug|Any CPU
		{748C94A8-0085-4E17-955D-5AC5DFBCA46A}.Release|Any CPU.ActiveCfg = Release|Any CPU
		{748C94A8-0085-4E17-955D-5AC5DFBCA46A}.Release|Any CPU.Build.0 = Release|Any CPU
	EndGlobalSection
	GlobalSection(SolutionProperties) = preSolution
		HideSolutionNode = FALSE
	EndGlobalSection
	GlobalSection(ExtensibilityGlobals) = postSolution
		SolutionGuid = {87E1BEBE-F7DD-4F16-86AB-FB2EF9060C7F}
	EndGlobalSection
EndGlobal
